<Solution>
  <Project Path="ProjectTrace.AccessDatas/ProjectTrace.AccessDatas.csproj" Id="64bb2002-ab71-4163-9758-60e90b47e61b" />
  <Project Path="ProjectTrace.Business/ProjectTrace.Business.csproj" Id="2af3f3dc-78d7-4bb4-9ad9-049158933a44" />
  <Project Path="ProjectTrace.Models/ProjectTrace.Models.csproj" Id="e433e6ff-816c-4b7a-b3b2-e0adf521f243" />
  <Project Path="ProjectTrace.Share/ProjectTrace.Share.csproj" Id="910209cd-aa86-4120-82a5-755e5d61c837" />
  <Project Path="ProjectTrace.Web/ProjectTrace.Web.csproj" />
</Solution>
